
Microsoft Visual Studio Solution File, Format Version 12.00
# Visual Studio Version 17
VisualStudioVersion = 17.4.33122.133
MinimumVisualStudioVersion = 10.0.40219.1
Project("{FAE04EC0-301F-11D3-BF4B-00C04F79EFBC}") = "DbConnection", "DbConnection\DbConnection.csproj", "{AC004B61-3183-44B1-9843-1DC9D7EF4697}"
EndProject
Global
	GlobalSection(SolutionConfigurationPlatforms) = preSolution
		Debug|Any CPU = Debug|Any CPU
		Release|Any CPU = Release|Any CPU
	EndGlobalSection
	GlobalSection(ProjectConfigurationPlatforms) = postSolution
		{AC004B61-3183-44B1-9843-1DC9D7EF4697}.Debug|Any CPU.ActiveCfg = Debug|Any CPU
		{AC004B61-3183-44B1-9843-1DC9D7EF4697}.Debug|Any CPU.Build.0 = Debug|Any CPU
		{AC004B61-3183-44B1-9843-1DC9D7EF4697}.Release|Any CPU.ActiveCfg = Release|Any CPU
		{AC004B61-3183-44B1-9843-1DC9D7EF4697}.Release|Any CPU.Build.0 = Release|Any CPU
	EndGlobalSection
	GlobalSection(SolutionProperties) = preSolution
		HideSolutionNode = FALSE
	EndGlobalSection
	GlobalSection(ExtensibilityGlobals) = postSolution
		SolutionGuid = {D1347F8E-499E-4B36-941C-64435CCC1AF6}
	EndGlobalSection
EndGlobal
